hash: c8b6224c8d9b385981f72e3cba68cc1e2ba4ee4c88854f419840acad87a6b92a
updated: 2018-09-03T00:11:00.551088022+02:00
imports:
- name: github.com/fatih/structs
  version: ebf56d35bba727c68ac77f56f2fcf90b181851aa
- name: github.com/hashicorp/consul
  version: 3f9d1370b79f6b9018a44224da47431571094b04
  subpackages:
  - api
- name: github.com/spf13/cast
  version: 8965335b8c7107321228e3e3702cab9832751bac
testImports: []
