hash: 119ac9b5fd839cb7e3cae5155ba65b2606804d6db06697d115edd23371dd5e51
updated: 2018-08-25T00:35:01.281577993+02:00
imports:
- name: github.com/armon/go-metrics
  version: 3c58d8115a78a6879e5df75ae900846768d36895
- name: github.com/fatih/structs
  version: ebf56d35bba727c68ac77f56f2fcf90b181851aa
- name: github.com/hashicorp/consul
  version: 3f9d1370b79f6b9018a44224da47431571094b04
  subpackages:
  - api
- name: github.com/hashicorp/go-cleanhttp
  version: d5fe4b57a186c716b0e00b8c301cbd9b4182694d
- name: github.com/hashicorp/go-immutable-radix
  version: 7f3cd4390caab3250a57f30efdb2a65dd7649ecf
- name: github.com/hashicorp/go-rootcerts
  version: 6bb64b370b90e7ef1fa532be9e591a81c3493e00
- name: github.com/hashicorp/golang-lru
  version: 0fb14efe8c47ae851c0034ed7a448854d3d34cf3
  subpackages:
  - simplelru
- name: github.com/hashicorp/serf
  version: 19bbd39e421bdf3559d5025fb2c760f5ffa56233
  subpackages:
  - coordinate
- name: github.com/mitchellh/go-homedir
  version: ae18d6b8b3205b561c79e8e5f69bff09736185f4
- name: github.com/mitchellh/mapstructure
  version: 06020f85339e21b2478f756a78e295255ffa4d6a
- name: github.com/spf13/cast
  version: 8965335b8c7107321228e3e3702cab9832751bac
testImports: []
